
Microsoft Visual Studio Solution File, Format Version 12.00
# Visual Studio 14
VisualStudioVersion = 14.0.24720.0
MinimumVisualStudioVersion = 10.0.40219.1
Project("{FAE04EC0-301F-11D3-BF4B-00C04F79EFBC}") = "Tetris", "Tetris\Tetris.csproj", "{291637AC-783E-45D0-AA47-3CFFD10A708A}"
EndProject
Project("{FAE04EC0-301F-11D3-BF4B-00C04F79EFBC}") = "TronGame", "TronGame\TronGame.csproj", "{33D5F34C-B2F2-472F-8042-91F595B7AD94}"
EndProject
Global
	GlobalSection(SolutionConfigurationPlatforms) = preSolution
		Debug|Any CPU = Debug|Any CPU
		Release|Any CPU = Release|Any CPU
	EndGlobalSection
	GlobalSection(ProjectConfigurationPlatforms) = postSolution
		{291637AC-783E-45D0-AA47-3CFFD10A708A}.Debug|Any CPU.ActiveCfg = Debug|Any CPU
		{291637AC-783E-45D0-AA47-3CFFD10A708A}.Debug|Any CPU.Build.0 = Debug|Any CPU
		{291637AC-783E-45D0-AA47-3CFFD10A708A}.Release|Any CPU.ActiveCfg = Release|Any CPU
		{291637AC-783E-45D0-AA47-3CFFD10A708A}.Release|Any CPU.Build.0 = Release|Any CPU
		{33D5F34C-B2F2-472F-8042-91F595B7AD94}.Debug|Any CPU.ActiveCfg = Debug|Any CPU
		{33D5F34C-B2F2-472F-8042-91F595B7AD94}.Debug|Any CPU.Build.0 = Debug|Any CPU
		{33D5F34C-B2F2-472F-8042-91F595B7AD94}.Release|Any CPU.ActiveCfg = Release|Any CPU
		{33D5F34C-B2F2-472F-8042-91F595B7AD94}.Release|Any CPU.Build.0 = Release|Any CPU
	EndGlobalSection
	GlobalSection(SolutionProperties) = preSolution
		HideSolutionNode = FALSE
	EndGlobalSection
EndGlobal
